Microsoft Visual Studio Solution File, Format Version 12.00
# Visual Studio Version 17
VisualStudioVersion = 17.5.2.0
MinimumVisualStudioVersion = 10.0.40219.1
Project("{2150E333-8FDC-42A3-9474-1A3956D46DE8}") = "backend", "backend", "{1AE8ACA6-933B-BF2A-3671-3E2EAC007D16}"
EndProject
Project("{FAE04EC0-301F-11D3-BF4B-00C04F79EFBC}") = "HizmetPinari.Api", "backend\HizmetPinari.Api\HizmetPinari.Api.csproj", "{5D16DAD4-B835-9285-FC71-E1FB9BFA14BF}"
EndProject
Global
	GlobalSection(SolutionConfigurationPlatforms) = preSolution
		Debug|Any CPU = Debug|Any CPU
		Release|Any CPU = Release|Any CPU
	EndGlobalSection
	GlobalSection(ProjectConfigurationPlatforms) = postSolution
		{5D16DAD4-B835-9285-FC71-E1FB9BFA14BF}.Debug|Any CPU.ActiveCfg = Debug|Any CPU
		{5D16DAD4-B835-9285-FC71-E1FB9BFA14BF}.Debug|Any CPU.Build.0 = Debug|Any CPU
		{5D16DAD4-B835-9285-FC71-E1FB9BFA14BF}.Release|Any CPU.ActiveCfg = Release|Any CPU
		{5D16DAD4-B835-9285-FC71-E1FB9BFA14BF}.Release|Any CPU.Build.0 = Release|Any CPU
	EndGlobalSection
	GlobalSection(SolutionProperties) = preSolution
		HideSolutionNode = FALSE
	EndGlobalSection
	GlobalSection(NestedProjects) = preSolution
		{5D16DAD4-B835-9285-FC71-E1FB9BFA14BF} = {1AE8ACA6-933B-BF2A-3671-3E2EAC007D16}
	EndGlobalSection
	GlobalSection(ExtensibilityGlobals) = postSolution
		SolutionGuid = {FAB419B5-C5A0-4AC0-9F38-79D0EF9A12EA}
	EndGlobalSection
EndGlobal
